// !$*UTF8*$!
{
	archiveVersion = 1;
	classes = {
	};
	objectVersion = 46;
	objects = {

/* Begin PBXBuildFile section */
		BBF3091618A3719E0009DCFF /* Foundation.framework in Frameworks */ = {isa = PBXBuildFile; fileRef = BBF3091518A3719E0009DCFF /* Foundation.framework */; };
		BBF3091818A3719E0009DCFF /* CoreGraphics.framework in Frameworks */ = {isa = PBXBuildFile; fileRef = BBF3091718A3719E0009DCFF /* CoreGraphics.framework */; };
		BBF3091A18A3719E0009DCFF /* UIKit.framework in Frameworks */ = {isa = PBXBuildFile; fileRef = BBF3091918A3719E0009DCFF /* UIKit.framework */; };
		BBF3091C18A3719E0009DCFF /* SpriteKit.framework in Frameworks */ = {isa = PBXBuildFile; fileRef = BBF3091B18A3719E0009DCFF /* SpriteKit.framework */; };
		BBF3092218A3719E0009DCFF /* InfoPlist.strings in Resources */ = {isa = PBXBuildFile; fileRef = BBF3092018A3719E0009DCFF /* InfoPlist.strings */; };
		BBF3092418A3719E0009DCFF /* main.m in Sources */ = {isa = PBXBuildFile; fileRef = BBF3092318A3719E0009DCFF /* main.m */; };
		BBF3092818A3719E0009DCFF /* AppDelegate.m in Sources */ = {isa = PBXBuildFile; fileRef = BBF3092718A3719E0009DCFF /* AppDelegate.m */; };
		BBF3092B18A3719E0009DCFF /* Main_iPhone.storyboard in Resources */ = {isa = PBXBuildFile; fileRef = BBF3092918A3719E0009DCFF /* Main_iPhone.storyboard */; };
		BBF3092E18A3719E0009DCFF /* Main_iPad.storyboard in Resources */ = {isa = PBXBuildFile; fileRef = BBF3092C18A3719E0009DCFF /* Main_iPad.storyboard */; };
		BBF3093118A3719E0009DCFF /* ViewController.m in Sources */ = {isa = PBXBuildFile; fileRef = BBF3093018A3719E0009DCFF /* ViewController.m */; };
		BBF3093418A3719E0009DCFF /* MyScene.m in Sources */ = {isa = PBXBuildFile; fileRef = BBF3093318A3719E0009DCFF /* MyScene.m */; };
		BBF3093618A3719E0009DCFF /* Spaceship.png in Resources */ = {isa = PBXBuildFile; fileRef = BBF3093518A3719E0009DCFF /* Spaceship.png */; };
		BBF3093818A3719E0009DCFF /* Images.xcassets in Resources */ = {isa = PBXBuildFile; fileRef = BBF3093718A3719E0009DCFF /* Images.xcassets */; };
		BBF3093F18A3719E0009DCFF /* XCTest.framework in Frameworks */ = {isa = PBXBuildFile; fileRef = BBF3093E18A3719E0009DCFF /* XCTest.framework */; };
		BBF3094018A3719E0009DCFF /* Foundation.framework in Frameworks */ = {isa = PBXBuildFile; fileRef = BBF3091518A3719E0009DCFF /* Foundation.framework */; };
		BBF3094118A3719E0009DCFF /* UIKit.framework in Frameworks */ = {isa = PBXBuildFile; fileRef = BBF3091918A3719E0009DCFF /* UIKit.framework */; };
		BBF3094918A3719E0009DCFF /* InfoPlist.strings in Resources */ = {isa = PBXBuildFile; fileRef = BBF3094718A3719E0009DCFF /* InfoPlist.strings */; };
		BBF3094B18A3719E0009DCFF /* TheGameTests.m in Sources */ = {isa = PBXBuildFile; fileRef = BBF3094A18A3719E0009DCFF /* TheGameTests.m */; };
		BBF3095618A371F60009DCFF /* Product.m in Sources */ = {isa = PBXBuildFile; fileRef = BBF3095518A371F60009DCFF /* Product.m */; };
		BBF3095A18A3A9940009DCFF /* productImages.xcassets in Resources */ = {isa = PBXBuildFile; fileRef = BBF3095918A3A9940009DCFF /* productImages.xcassets */; };
		BBF309BF18A3A9B00009DCFF /* item0.jpg in Resources */ = {isa = PBXBuildFile; fileRef = BBF3095B18A3A9B00009DCFF /* item0.jpg */; };
		BBF309C018A3A9B00009DCFF /* item1.jpg in Resources */ = {isa = PBXBuildFile; fileRef = BBF3095C18A3A9B00009DCFF /* item1.jpg */; };
		BBF309C118A3A9B00009DCFF /* item2.jpg in Resources */ = {isa = PBXBuildFile; fileRef = BBF3095D18A3A9B00009DCFF /* item2.jpg */; };
		BBF309C218A3A9B00009DCFF /* item3.jpg in Resources */ = {isa = PBXBuildFile; fileRef = BBF3095E18A3A9B00009DCFF /* item3.jpg */; };
		BBF309C318A3A9B00009DCFF /* item4.jpg in Resources */ = {isa = PBXBuildFile; fileRef = BBF3095F18A3A9B00009DCFF /* item4.jpg */; };
		BBF309C418A3A9B00009DCFF /* item5.jpg in Resources */ = {isa = PBXBuildFile; fileRef = BBF3096018A3A9B00009DCFF /* item5.jpg */; };
		BBF309C518A3A9B00009DCFF /* item6.jpg in Resources */ = {isa = PBXBuildFile; fileRef = BBF3096118A3A9B00009DCFF /* item6.jpg */; };
		BBF309C618A3A9B00009DCFF /* item7.jpg in Resources */ = {isa = PBXBuildFile; fileRef = BBF3096218A3A9B00009DCFF /* item7.jpg */; };
		BBF309C718A3A9B00009DCFF /* item8.jpg in Resources */ = {isa = PBXBuildFile; fileRef = BBF3096318A3A9B00009DCFF /* item8.jpg */; };
		BBF309C818A3A9B00009DCFF /* item9.jpg in Resources */ = {isa = PBXBuildFile; fileRef = BBF3096418A3A9B00009DCFF /* item9.jpg */; };
		BBF309C918A3A9B00009DCFF /* item10.jpg in Resources */ = {isa = PBXBuildFile; fileRef = BBF3096518A3A9B00009DCFF /* item10.jpg */; };
		BBF309CA18A3A9B00009DCFF /* item11.jpg in Resources */ = {isa = PBXBuildFile; fileRef = BBF3096618A3A9B00009DCFF /* item11.jpg */; };
		BBF309CB18A3A9B00009DCFF /* item12.jpg in Resources */ = {isa = PBXBuildFile; fileRef = BBF3096718A3A9B00009DCFF /* item12.jpg */; };
		BBF309CC18A3A9B00009DCFF /* item13.jpg in Resources */ = {isa = PBXBuildFile; fileRef = BBF3096818A3A9B00009DCFF /* item13.jpg */; };
		BBF309CD18A3A9B00009DCFF /* item14.jpg in Resources */ = {isa = PBXBuildFile; fileRef = BBF3096918A3A9B00009DCFF /* item14.jpg */; };
		BBF309CE18A3A9B00009DCFF /* item15.jpg in Resources */ = {isa = PBXBuildFile; fileRef = BBF3096A18A3A9B00009DCFF /* item15.jpg */; };
		BBF309CF18A3A9B00009DCFF /* item16.jpg in Resources */ = {isa = PBXBuildFile; fileRef = BBF3096B18A3A9B00009DCFF /* item16.jpg */; };
		BBF309D018A3A9B00009DCFF /* item17.jpg in Resources */ = {isa = PBXBuildFile; fileRef = BBF3096C18A3A9B00009DCFF /* item17.jpg */; };
		BBF309D118A3A9B00009DCFF /* item18.jpg in Resources */ = {isa = PBXBuildFile; fileRef = BBF3096D18A3A9B00009DCFF /* item18.jpg */; };
		BBF309D218A3A9B00009DCFF /* item19.jpg in Resources */ = {isa = PBXBuildFile; fileRef = BBF3096E18A3A9B00009DCFF /* item19.jpg */; };
		BBF309D318A3A9B00009DCFF /* item20.jpg in Resources */ = {isa = PBXBuildFile; fileRef = BBF3096F18A3A9B00009DCFF /* item20.jpg */; };
		BBF309D418A3A9B00009DCFF /* item21.jpg in Resources */ = {isa = PBXBuildFile; fileRef = BBF3097018A3A9B00009DCFF /* item21.jpg */; };
		BBF309D518A3A9B00009DCFF /* item22.jpg in Resources */ = {isa = PBXBuildFile; fileRef = BBF3097118A3A9B00009DCFF /* item22.jpg */; };
		BBF309D618A3A9B00009DCFF /* item23.jpg in Resources */ = {isa = PBXBuildFile; fileRef = BBF3097218A3A9B00009DCFF /* item23.jpg */; };
		BBF309D718A3A9B00009DCFF /* item24.jpg in Resources */ = {isa = PBXBuildFile; fileRef = BBF3097318A3A9B00009DCFF /* item24.jpg */; };
		BBF309D818A3A9B00009DCFF /* item25.jpg in Resources */ = {isa = PBXBuildFile; fileRef = BBF3097418A3A9B00009DCFF /* item25.jpg */; };
		BBF309D918A3A9B00009DCFF /* item26.jpg in Resources */ = {isa = PBXBuildFile; fileRef = BBF3097518A3A9B00009DCFF /* item26.jpg */; };
		BBF309DA18A3A9B00009DCFF /* item27.jpg in Resources */ = {isa = PBXBuildFile; fileRef = BBF3097618A3A9B00009DCFF /* item27.jpg */; };
		BBF309DB18A3A9B00009DCFF /* item28.jpg in Resources */ = {isa = PBXBuildFile; fileRef = BBF3097718A3A9B00009DCFF /* item28.jpg */; };
		BBF309DC18A3A9B00009DCFF /* item29.jpg in Resources */ = {isa = PBXBuildFile; fileRef = BBF3097818A3A9B00009DCFF /* item29.jpg */; };
		BBF309DD18A3A9B00009DCFF /* item30.jpg in Resources */ = {isa = PBXBuildFile; fileRef = BBF3097918A3A9B00009DCFF /* item30.jpg */; };
		BBF309DE18A3A9B00009DCFF /* item31.jpg in Resources */ = {isa = PBXBuildFile; fileRef = BBF3097A18A3A9B00009DCFF /* item31.jpg */; };
		BBF309DF18A3A9B00009DCFF /* item32.jpg in Resources */ = {isa = PBXBuildFile; fileRef = BBF3097B18A3A9B00009DCFF /* item32.jpg */; };
		BBF309E018A3A9B00009DCFF /* item33.jpg in Resources */ = {isa = PBXBuildFile; fileRef = BBF3097C18A3A9B00009DCFF /* item33.jpg */; };
		BBF309E118A3A9B00009DCFF /* item34.jpg in Resources */ = {isa = PBXBuildFile; fileRef = BBF3097D18A3A9B00009DCFF /* item34.jpg */; };
		BBF309E218A3A9B00009DCFF /* item35.jpg in Resources */ = {isa = PBXBuildFile; fileRef = BBF3097E18A3A9B00009DCFF /* item35.jpg */; };
		BBF309E318A3A9B00009DCFF /* item36.jpg in Resources */ = {isa = PBXBuildFile; fileRef = BBF3097F18A3A9B00009DCFF /* item36.jpg */; };
		BBF309E418A3A9B00009DCFF /* item37.jpg in Resources */ = {isa = PBXBuildFile; fileRef = BBF3098018A3A9B00009DCFF /* item37.jpg */; };
		BBF309E518A3A9B00009DCFF /* item38.jpg in Resources */ = {isa = PBXBuildFile; fileRef = BBF3098118A3A9B00009DCFF /* item38.jpg */; };
		BBF309E618A3A9B00009DCFF /* item39.jpg in Resources */ = {isa = PBXBuildFile; fileRef = BBF3098218A3A9B00009DCFF /* item39.jpg */; };
		BBF309E718A3A9B00009DCFF /* item40.jpg in Resources */ = {isa = PBXBuildFile; fileRef = BBF3098318A3A9B00009DCFF /* item40.jpg */; };
		BBF309E818A3A9B00009DCFF /* item41.jpg in Resources */ = {isa = PBXBuildFile; fileRef = BBF3098418A3A9B00009DCFF /* item41.jpg */; };
		BBF309E918A3A9B00009DCFF /* item42.jpg in Resources */ = {isa = PBXBuildFile; fileRef = BBF3098518A3A9B00009DCFF /* item42.jpg */; };
		BBF309EA18A3A9B00009DCFF /* item43.jpg in Resources */ = {isa = PBXBuildFile; fileRef = BBF3098618A3A9B00009DCFF /* item43.jpg */; };
		BBF309EB18A3A9B00009DCFF /* item44.jpg in Resources */ = {isa = PBXBuildFile; fileRef = BBF3098718A3A9B00009DCFF /* item44.jpg */; };
		BBF309EC18A3A9B00009DCFF /* item45.jpg in Resources */ = {isa = PBXBuildFile; fileRef = BBF3098818A3A9B00009DCFF /* item45.jpg */; };
		BBF309ED18A3A9B00009DCFF /* item46.jpg in Resources */ = {isa = PBXBuildFile; fileRef = BBF3098918A3A9B00009DCFF /* item46.jpg */; };
		BBF309EE18A3A9B00009DCFF /* item47.jpg in Resources */ = {isa = PBXBuildFile; fileRef = BBF3098A18A3A9B00009DCFF /* item47.jpg */; };
		BBF309EF18A3A9B00009DCFF /* item48.jpg in Resources */ = {isa = PBXBuildFile; fileRef = BBF3098B18A3A9B00009DCFF /* item48.jpg */; };
		BBF309F018A3A9B00009DCFF /* item49.jpg in Resources */ = {isa = PBXBuildFile; fileRef = BBF3098C18A3A9B00009DCFF /* item49.jpg */; };
		BBF309F118A3A9B00009DCFF /* item50.jpg in Resources */ = {isa = PBXBuildFile; fileRef = BBF3098D18A3A9B00009DCFF /* item50.jpg */; };
		BBF309F218A3A9B00009DCFF /* item51.jpg in Resources */ = {isa = PBXBuildFile; fileRef = BBF3098E18A3A9B00009DCFF /* item51.jpg */; };
		BBF309F318A3A9B00009DCFF /* item52.jpg in Resources */ = {isa = PBXBuildFile; fileRef = BBF3098F18A3A9B00009DCFF /* item52.jpg */; };
		BBF309F418A3A9B00009DCFF /* item53.jpg in Resources */ = {isa = PBXBuildFile; fileRef = BBF3099018A3A9B00009DCFF /* item53.jpg */; };
		BBF309F518A3A9B00009DCFF /* item54.jpg in Resources */ = {isa = PBXBuildFile; fileRef = BBF3099118A3A9B00009DCFF /* item54.jpg */; };
		BBF309F618A3A9B00009DCFF /* item55.jpg in Resources */ = {isa = PBXBuildFile; fileRef = BBF3099218A3A9B00009DCFF /* item55.jpg */; };
		BBF309F718A3A9B00009DCFF /* item56.jpg in Resources */ = {isa = PBXBuildFile; fileRef = BBF3099318A3A9B00009DCFF /* item56.jpg */; };
		BBF309F818A3A9B00009DCFF /* item57.jpg in Resources */ = {isa = PBXBuildFile; fileRef = BBF3099418A3A9B00009DCFF /* item57.jpg */; };
		BBF309F918A3A9B00009DCFF /* item58.jpg in Resources */ = {isa = PBXBuildFile; fileRef = BBF3099518A3A9B00009DCFF /* item58.jpg */; };
		BBF309FA18A3A9B00009DCFF /* item59.jpg in Resources */ = {isa = PBXBuildFile; fileRef = BBF3099618A3A9B00009DCFF /* item59.jpg */; };
		BBF309FB18A3A9B00009DCFF /* item60.jpg in Resources */ = {isa = PBXBuildFile; fileRef = BBF3099718A3A9B00009DCFF /* item60.jpg */; };
		BBF309FC18A3A9B00009DCFF /* item61.jpg in Resources */ = {isa = PBXBuildFile; fileRef = BBF3099818A3A9B00009DCFF /* item61.jpg */; };
		BBF309FD18A3A9B00009DCFF /* item62.jpg in Resources */ = {isa = PBXBuildFile; fileRef = BBF3099918A3A9B00009DCFF /* item62.jpg */; };
		BBF309FE18A3A9B00009DCFF /* item63.jpg in Resources */ = {isa = PBXBuildFile; fileRef = BBF3099A18A3A9B00009DCFF /* item63.jpg */; };
		BBF309FF18A3A9B00009DCFF /* item64.jpg in Resources */ = {isa = PBXBuildFile; fileRef = BBF3099B18A3A9B00009DCFF /* item64.jpg */; };
		BBF30A0018A3A9B00009DCFF /* item65.jpg in Resources */ = {isa = PBXBuildFile; fileRef = BBF3099C18A3A9B00009DCFF /* item65.jpg */; };
		BBF30A0118A3A9B00009DCFF /* item66.jpg in Resources */ = {isa = PBXBuildFile; fileRef = BBF3099D18A3A9B00009DCFF /* item66.jpg */; };
		BBF30A0218A3A9B00009DCFF /* item67.jpg in Resources */ = {isa = PBXBuildFile; fileRef = BBF3099E18A3A9B00009DCFF /* item67.jpg */; };
		BBF30A0318A3A9B00009DCFF /* item68.jpg in Resources */ = {isa = PBXBuildFile; fileRef = BBF3099F18A3A9B00009DCFF /* item68.jpg */; };
		BBF30A0418A3A9B00009DCFF /* item69.jpg in Resources */ = {isa = PBXBuildFile; fileRef = BBF309A018A3A9B00009DCFF /* item69.jpg */; };
		BBF30A0518A3A9B00009DCFF /* item70.jpg in Resources */ = {isa = PBXBuildFile; fileRef = BBF309A118A3A9B00009DCFF /* item70.jpg */; };
		BBF30A0618A3A9B00009DCFF /* item71.jpg in Resources */ = {isa = PBXBuildFile; fileRef = BBF309A218A3A9B00009DCFF /* item71.jpg */; };
		BBF30A0718A3A9B00009DCFF /* item72.jpg in Resources */ = {isa = PBXBuildFile; fileRef = BBF309A318A3A9B00009DCFF /* item72.jpg */; };
		BBF30A0818A3A9B00009DCFF /* item73.jpg in Resources */ = {isa = PBXBuildFile; fileRef = BBF309A418A3A9B00009DCFF /* item73.jpg */; };
		BBF30A0918A3A9B00009DCFF /* item74.jpg in Resources */ = {isa = PBXBuildFile; fileRef = BBF309A518A3A9B00009DCFF /* item74.jpg */; };
		BBF30A0A18A3A9B00009DCFF /* item75.jpg in Resources */ = {isa = PBXBuildFile; fileRef = BBF309A618A3A9B00009DCFF /* item75.jpg */; };
		BBF30A0B18A3A9B00009DCFF /* item76.jpg in Resources */ = {isa = PBXBuildFile; fileRef = BBF309A718A3A9B00009DCFF /* item76.jpg */; };
		BBF30A0C18A3A9B00009DCFF /* item77.jpg in Resources */ = {isa = PBXBuildFile; fileRef = BBF309A818A3A9B00009DCFF /* item77.jpg */; };
		BBF30A0D18A3A9B00009DCFF /* item78.jpg in Resources */ = {isa = PBXBuildFile; fileRef = BBF309A918A3A9B00009DCFF /* item78.jpg */; };
		BBF30A0E18A3A9B00009DCFF /* item79.jpg in Resources */ = {isa = PBXBuildFile; fileRef = BBF309AA18A3A9B00009DCFF /* item79.jpg */; };
		BBF30A0F18A3A9B00009DCFF /* item80.jpg in Resources */ = {isa = PBXBuildFile; fileRef = BBF309AB18A3A9B00009DCFF /* item80.jpg */; };
		BBF30A1018A3A9B00009DCFF /* item81.jpg in Resources */ = {isa = PBXBuildFile; fileRef = BBF309AC18A3A9B00009DCFF /* item81.jpg */; };
		BBF30A1118A3A9B00009DCFF /* item82.jpg in Resources */ = {isa = PBXBuildFile; fileRef = BBF309AD18A3A9B00009DCFF /* item82.jpg */; };
		BBF30A1218A3A9B00009DCFF /* item83.jpg in Resources */ = {isa = PBXBuildFile; fileRef = BBF309AE18A3A9B00009DCFF /* item83.jpg */; };
		BBF30A1318A3A9B00009DCFF /* item84.jpg in Resources */ = {isa = PBXBuildFile; fileRef = BBF309AF18A3A9B00009DCFF /* item84.jpg */; };
		BBF30A1418A3A9B00009DCFF /* item85.jpg in Resources */ = {isa = PBXBuildFile; fileRef = BBF309B018A3A9B00009DCFF /* item85.jpg */; };
		BBF30A1518A3A9B00009DCFF /* item86.jpg in Resources */ = {isa = PBXBuildFile; fileRef = BBF309B118A3A9B00009DCFF /* item86.jpg */; };
		BBF30A1618A3A9B00009DCFF /* item87.jpg in Resources */ = {isa = PBXBuildFile; fileRef = BBF309B218A3A9B00009DCFF /* item87.jpg */; };
		BBF30A1718A3A9B00009DCFF /* item88.jpg in Resources */ = {isa = PBXBuildFile; fileRef = BBF309B318A3A9B00009DCFF /* item88.jpg */; };
		BBF30A1818A3A9B00009DCFF /* item89.jpg in Resources */ = {isa = PBXBuildFile; fileRef = BBF309B418A3A9B00009DCFF /* item89.jpg */; };
		BBF30A1918A3A9B00009DCFF /* item90.jpg in Resources */ = {isa = PBXBuildFile; fileRef = BBF309B518A3A9B00009DCFF /* item90.jpg */; };
		BBF30A1A18A3A9B00009DCFF /* item91.jpg in Resources */ = {isa = PBXBuildFile; fileRef = BBF309B618A3A9B00009DCFF /* item91.jpg */; };
		BBF30A1B18A3A9B00009DCFF /* item92.jpg in Resources */ = {isa = PBXBuildFile; fileRef = BBF309B718A3A9B00009DCFF /* item92.jpg */; };
		BBF30A1C18A3A9B00009DCFF /* item93.jpg in Resources */ = {isa = PBXBuildFile; fileRef = BBF309B818A3A9B00009DCFF /* item93.jpg */; };
		BBF30A1D18A3A9B00009DCFF /* item94.jpg in Resources */ = {isa = PBXBuildFile; fileRef = BBF309B918A3A9B00009DCFF /* item94.jpg */; };
		BBF30A1E18A3A9B00009DCFF /* item95.jpg in Resources */ = {isa = PBXBuildFile; fileRef = BBF309BA18A3A9B00009DCFF /* item95.jpg */; };
		BBF30A1F18A3A9B00009DCFF /* item96.jpg in Resources */ = {isa = PBXBuildFile; fileRef = BBF309BB18A3A9B00009DCFF /* item96.jpg */; };
		BBF30A2018A3A9B00009DCFF /* item97.jpg in Resources */ = {isa = PBXBuildFile; fileRef = BBF309BC18A3A9B00009DCFF /* item97.jpg */; };
		BBF30A2118A3A9B00009DCFF /* item98.jpg in Resources */ = {isa = PBXBuildFile; fileRef = BBF309BD18A3A9B00009DCFF /* item98.jpg */; };
		BBF30A2218A3A9B00009DCFF /* item99.jpg in Resources */ = {isa = PBXBuildFile; fileRef = BBF309BE18A3A9B00009DCFF /* item99.jpg */; };
/* End PBXBuildFile section */

/* Begin PBXContainerItemProxy section */
		BBF3094218A3719E0009DCFF /* PBXContainerItemProxy */ = {
			isa = PBXContainerItemProxy;
			containerPortal = BBF3090A18A3719E0009DCFF /* Project object */;
			proxyType = 1;
			remoteGlobalIDString = BBF3091118A3719E0009DCFF;
			remoteInfo = TheGame;
		};
/* End PBXContainerItemProxy section */

/* Begin PBXFileReference section */
		BBF3091218A3719E0009DCFF /* TheGame.app */ = {isa = PBXFileReference; explicitFileType = wrapper.application; includeInIndex = 0; path = TheGame.app; sourceTree = BUILT_PRODUCTS_DIR; };
		BBF3091518A3719E0009DCFF /* Foundation.framework */ = {isa = PBXFileReference; lastKnownFileType = wrapper.framework; name = Foundation.framework; path = System/Library/Frameworks/Foundation.framework; sourceTree = SDKROOT; };
		BBF3091718A3719E0009DCFF /* CoreGraphics.framework */ = {isa = PBXFileReference; lastKnownFileType = wrapper.framework; name = CoreGraphics.framework; path = System/Library/Frameworks/CoreGraphics.framework; sourceTree = SDKROOT; };
		BBF3091918A3719E0009DCFF /* UIKit.framework */ = {isa = PBXFileReference; lastKnownFileType = wrapper.framework; name = UIKit.framework; path = System/Library/Frameworks/UIKit.framework; sourceTree = SDKROOT; };
		BBF3091B18A3719E0009DCFF /* SpriteKit.framework */ = {isa = PBXFileReference; lastKnownFileType = wrapper.framework; name = SpriteKit.framework; path = System/Library/Frameworks/SpriteKit.framework; sourceTree = SDKROOT; };
		BBF3091F18A3719E0009DCFF /* TheGame-Info.plist */ = {isa = PBXFileReference; lastKnownFileType = text.plist.xml; path = "TheGame-Info.plist"; sourceTree = "<group>"; };
		BBF3092118A3719E0009DCFF /* en */ = {isa = PBXFileReference; lastKnownFileType = text.plist.strings; name = en; path = en.lproj/InfoPlist.strings; sourceTree = "<group>"; };
		BBF3092318A3719E0009DCFF /* main.m */ = {isa = PBXFileReference; lastKnownFileType = sourcecode.c.objc; path = main.m; sourceTree = "<group>"; };
		BBF3092518A3719E0009DCFF /* TheGame-Prefix.pch */ = {isa = PBXFileReference; lastKnownFileType = sourcecode.c.h; path = "TheGame-Prefix.pch"; sourceTree = "<group>"; };
		BBF3092618A3719E0009DCFF /* AppDelegate.h */ = {isa = PBXFileReference; lastKnownFileType = sourcecode.c.h; path = AppDelegate.h; sourceTree = "<group>"; };
		BBF3092718A3719E0009DCFF /* AppDelegate.m */ = {isa = PBXFileReference; lastKnownFileType = sourcecode.c.objc; path = AppDelegate.m; sourceTree = "<group>"; };
		BBF3092A18A3719E0009DCFF /* Base */ = {isa = PBXFileReference; lastKnownFileType = file.storyboard; name = Base; path = Base.lproj/Main_iPhone.storyboard; sourceTree = "<group>"; };
		BBF3092D18A3719E0009DCFF /* Base */ = {isa = PBXFileReference; lastKnownFileType = file.storyboard; name = Base; path = Base.lproj/Main_iPad.storyboard; sourceTree = "<group>"; };
		BBF3092F18A3719E0009DCFF /* ViewController.h */ = {isa = PBXFileReference; lastKnownFileType = sourcecode.c.h; path = ViewController.h; sourceTree = "<group>"; };
		BBF3093018A3719E0009DCFF /* ViewController.m */ = {isa = PBXFileReference; lastKnownFileType = sourcecode.c.objc; path = ViewController.m; sourceTree = "<group>"; };
		BBF3093218A3719E0009DCFF /* MyScene.h */ = {isa = PBXFileReference; lastKnownFileType = sourcecode.c.h; path = MyScene.h; sourceTree = "<group>"; };
		BBF3093318A3719E0009DCFF /* MyScene.m */ = {isa = PBXFileReference; lastKnownFileType = sourcecode.c.objc; path = MyScene.m; sourceTree = "<group>"; };
		BBF3093518A3719E0009DCFF /* Spaceship.png */ = {isa = PBXFileReference; lastKnownFileType = image.png; path = Spaceship.png; sourceTree = "<group>"; };
		BBF3093718A3719E0009DCFF /* Images.xcassets */ = {isa = PBXFileReference; lastKnownFileType = folder.assetcatalog; path = Images.xcassets; sourceTree = "<group>"; };
		BBF3093D18A3719E0009DCFF /* TheGameTests.xctest */ = {isa = PBXFileReference; explicitFileType = wrapper.cfbundle; includeInIndex = 0; path = TheGameTests.xctest; sourceTree = BUILT_PRODUCTS_DIR; };
		BBF3093E18A3719E0009DCFF /* XCTest.framework */ = {isa = PBXFileReference; lastKnownFileType = wrapper.framework; name = XCTest.framework; path = Library/Frameworks/XCTest.framework; sourceTree = DEVELOPER_DIR; };
		BBF3094618A3719E0009DCFF /* TheGameTests-Info.plist */ = {isa = PBXFileReference; lastKnownFileType = text.plist.xml; path = "TheGameTests-Info.plist"; sourceTree = "<group>"; };
		BBF3094818A3719E0009DCFF /* en */ = {isa = PBXFileReference; lastKnownFileType = text.plist.strings; name = en; path = en.lproj/InfoPlist.strings; sourceTree = "<group>"; };
		BBF3094A18A3719E0009DCFF /* TheGameTests.m */ = {isa = PBXFileReference; lastKnownFileType = sourcecode.c.objc; path = TheGameTests.m; sourceTree = "<group>"; };
		BBF3095418A371F60009DCFF /* Product.h */ = {isa = PBXFileReference; fileEncoding = 4; lastKnownFileType = sourcecode.c.h; path = Product.h; sourceTree = "<group>"; };
		BBF3095518A371F60009DCFF /* Product.m */ = {isa = PBXFileReference; fileEncoding = 4; lastKnownFileType = sourcecode.c.objc; path = Product.m; sourceTree = "<group>"; };
		BBF3095918A3A9940009DCFF /* productImages.xcassets */ = {isa = PBXFileReference; lastKnownFileType = folder.assetcatalog; path = productImages.xcassets; sourceTree = "<group>"; };
		BBF3095B18A3A9B00009DCFF /* item0.jpg */ = {isa = PBXFileReference; lastKnownFileType = image.jpeg; path = item0.jpg; sourceTree = "<group>"; };
		BBF3095C18A3A9B00009DCFF /* item1.jpg */ = {isa = PBXFileReference; lastKnownFileType = image.jpeg; path = item1.jpg; sourceTree = "<group>"; };
		BBF3095D18A3A9B00009DCFF /* item2.jpg */ = {isa = PBXFileReference; lastKnownFileType = image.jpeg; path = item2.jpg; sourceTree = "<group>"; };
		BBF3095E18A3A9B00009DCFF /* item3.jpg */ = {isa = PBXFileReference; lastKnownFileType = image.jpeg; path = item3.jpg; sourceTree = "<group>"; };
		BBF3095F18A3A9B00009DCFF /* item4.jpg */ = {isa = PBXFileReference; lastKnownFileType = image.jpeg; path = item4.jpg; sourceTree = "<group>"; };
		BBF3096018A3A9B00009DCFF /* item5.jpg */ = {isa = PBXFileReference; lastKnownFileType = image.jpeg; path = item5.jpg; sourceTree = "<group>"; };
		BBF3096118A3A9B00009DCFF /* item6.jpg */ = {isa = PBXFileReference; lastKnownFileType = image.jpeg; path = item6.jpg; sourceTree = "<group>"; };
		BBF3096218A3A9B00009DCFF /* item7.jpg */ = {isa = PBXFileReference; lastKnownFileType = image.jpeg; path = item7.jpg; sourceTree = "<group>"; };
		BBF3096318A3A9B00009DCFF /* item8.jpg */ = {isa = PBXFileReference; lastKnownFileType = image.jpeg; path = item8.jpg; sourceTree = "<group>"; };
		BBF3096418A3A9B00009DCFF /* item9.jpg */ = {isa = PBXFileReference; lastKnownFileType = image.jpeg; path = item9.jpg; sourceTree = "<group>"; };
		BBF3096518A3A9B00009DCFF /* item10.jpg */ = {isa = PBXFileReference; lastKnownFileType = image.jpeg; path = item10.jpg; sourceTree = "<group>"; };
		BBF3096618A3A9B00009DCFF /* item11.jpg */ = {isa = PBXFileReference; lastKnownFileType = image.jpeg; path = item11.jpg; sourceTree = "<group>"; };
		BBF3096718A3A9B00009DCFF /* item12.jpg */ = {isa = PBXFileReference; lastKnownFileType = image.jpeg; path = item12.jpg; sourceTree = "<group>"; };
		BBF3096818A3A9B00009DCFF /* item13.jpg */ = {isa = PBXFileReference; lastKnownFileType = image.jpeg; path = item13.jpg; sourceTree = "<group>"; };
		BBF3096918A3A9B00009DCFF /* item14.jpg */ = {isa = PBXFileReference; lastKnownFileType = image.jpeg; path = item14.jpg; sourceTree = "<group>"; };
		BBF3096A18A3A9B00009DCFF /* item15.jpg */ = {isa = PBXFileReference; lastKnownFileType = image.jpeg; path = item15.jpg; sourceTree = "<group>"; };
		BBF3096B18A3A9B00009DCFF /* item16.jpg */ = {isa = PBXFileReference; lastKnownFileType = image.jpeg; path = item16.jpg; sourceTree = "<group>"; };
		BBF3096C18A3A9B00009DCFF /* item17.jpg */ = {isa = PBXFileReference; lastKnownFileType = image.jpeg; path = item17.jpg; sourceTree = "<group>"; };
		BBF3096D18A3A9B00009DCFF /* item18.jpg */ = {isa = PBXFileReference; lastKnownFileType = image.jpeg; path = item18.jpg; sourceTree = "<group>"; };
		BBF3096E18A3A9B00009DCFF /* item19.jpg */ = {isa = PBXFileReference; lastKnownFileType = image.jpeg; path = item19.jpg; sourceTree = "<group>"; };
		BBF3096F18A3A9B00009DCFF /* item20.jpg */ = {isa = PBXFileReference; lastKnownFileType = image.jpeg; path = item20.jpg; sourceTree = "<group>"; };
		BBF3097018A3A9B00009DCFF /* item21.jpg */ = {isa = PBXFileReference; lastKnownFileType = image.jpeg; path = item21.jpg; sourceTree = "<group>"; };
		BBF3097118A3A9B00009DCFF /* item22.jpg */ = {isa = PBXFileReference; lastKnownFileType = image.jpeg; path = item22.jpg; sourceTree = "<group>"; };
		BBF3097218A3A9B00009DCFF /* item23.jpg */ = {isa = PBXFileReference; lastKnownFileType = image.jpeg; path = item23.jpg; sourceTree = "<group>"; };
		BBF3097318A3A9B00009DCFF /* item24.jpg */ = {isa = PBXFileReference; lastKnownFileType = image.jpeg; path = item24.jpg; sourceTree = "<group>"; };
		BBF3097418A3A9B00009DCFF /* item25.jpg */ = {isa = PBXFileReference; lastKnownFileType = image.jpeg; path = item25.jpg; sourceTree = "<group>"; };
		BBF3097518A3A9B00009DCFF /* item26.jpg */ = {isa = PBXFileReference; lastKnownFileType = image.jpeg; path = item26.jpg; sourceTree = "<group>"; };
		BBF3097618A3A9B00009DCFF /* item27.jpg */ = {isa = PBXFileReference; lastKnownFileType = image.jpeg; path = item27.jpg; sourceTree = "<group>"; };
		BBF3097718A3A9B00009DCFF /* item28.jpg */ = {isa = PBXFileReference; lastKnownFileType = image.jpeg; path = item28.jpg; sourceTree = "<group>"; };
		BBF3097818A3A9B00009DCFF /* item29.jpg */ = {isa = PBXFileReference; lastKnownFileType = image.jpeg; path = item29.jpg; sourceTree = "<group>"; };
		BBF3097918A3A9B00009DCFF /* item30.jpg */ = {isa = PBXFileReference; lastKnownFileType = image.jpeg; path = item30.jpg; sourceTree = "<group>"; };
		BBF3097A18A3A9B00009DCFF /* item31.jpg */ = {isa = PBXFileReference; lastKnownFileType = image.jpeg; path = item31.jpg; sourceTree = "<group>"; };
		BBF3097B18A3A9B00009DCFF /* item32.jpg */ = {isa = PBXFileReference; lastKnownFileType = image.jpeg; path = item32.jpg; sourceTree = "<group>"; };
		BBF3097C18A3A9B00009DCFF /* item33.jpg */ = {isa = PBXFileReference; lastKnownFileType = image.jpeg; path = item33.jpg; sourceTree = "<group>"; };
		BBF3097D18A3A9B00009DCFF /* item34.jpg */ = {isa = PBXFileReference; lastKnownFileType = image.jpeg; path = item34.jpg; sourceTree = "<group>"; };
		BBF3097E18A3A9B00009DCFF /* item35.jpg */ = {isa = PBXFileReference; lastKnownFileType = image.jpeg; path = item35.jpg; sourceTree = "<group>"; };
		BBF3097F18A3A9B00009DCFF /* item36.jpg */ = {isa = PBXFileReference; lastKnownFileType = image.jpeg; path = item36.jpg; sourceTree = "<group>"; };
		BBF3098018A3A9B00009DCFF /* item37.jpg */ = {isa = PBXFileReference; lastKnownFileType = image.jpeg; path = item37.jpg; sourceTree = "<group>"; };
		BBF3098118A3A9B00009DCFF /* item38.jpg */ = {isa = PBXFileReference; lastKnownFileType = image.jpeg; path = item38.jpg; sourceTree = "<group>"; };
		BBF3098218A3A9B00009DCFF /* item39.jpg */ = {isa = PBXFileReference; lastKnownFileType = image.jpeg; path = item39.jpg; sourceTree = "<group>"; };
		BBF3098318A3A9B00009DCFF /* item40.jpg */ = {isa = PBXFileReference; lastKnownFileType = image.jpeg; path = item40.jpg; sourceTree = "<group>"; };
		BBF3098418A3A9B00009DCFF /* item41.jpg */ = {isa = PBXFileReference; lastKnownFileType = image.jpeg; path = item41.jpg; sourceTree = "<group>"; };
		BBF3098518A3A9B00009DCFF /* item42.jpg */ = {isa = PBXFileReference; lastKnownFileType = image.jpeg; path = item42.jpg; sourceTree = "<group>"; };
		BBF3098618A3A9B00009DCFF /* item43.jpg */ = {isa = PBXFileReference; lastKnownFileType = image.jpeg; path = item43.jpg; sourceTree = "<group>"; };
		BBF3098718A3A9B00009DCFF /* item44.jpg */ = {isa = PBXFileReference; lastKnownFileType = image.jpeg; path = item44.jpg; sourceTree = "<group>"; };
		BBF3098818A3A9B00009DCFF /* item45.jpg */ = {isa = PBXFileReference; lastKnownFileType = image.jpeg; path = item45.jpg; sourceTree = "<group>"; };
		BBF3098918A3A9B00009DCFF /* item46.jpg */ = {isa = PBXFileReference; lastKnownFileType = image.jpeg; path = item46.jpg; sourceTree = "<group>"; };
		BBF3098A18A3A9B00009DCFF /* item47.jpg */ = {isa = PBXFileReference; lastKnownFileType = image.jpeg; path = item47.jpg; sourceTree = "<group>"; };
		BBF3098B18A3A9B00009DCFF /* item48.jpg */ = {isa = PBXFileReference; lastKnownFileType = image.jpeg; path = item48.jpg; sourceTree = "<group>"; };
		BBF3098C18A3A9B00009DCFF /* item49.jpg */ = {isa = PBXFileReference; lastKnownFileType = image.jpeg; path = item49.jpg; sourceTree = "<group>"; };
		BBF3098D18A3A9B00009DCFF /* item50.jpg */ = {isa = PBXFileReference; lastKnownFileType = image.jpeg; path = item50.jpg; sourceTree = "<group>"; };
		BBF3098E18A3A9B00009DCFF /* item51.jpg */ = {isa = PBXFileReference; lastKnownFileType = image.jpeg; path = item51.jpg; sourceTree = "<group>"; };
		BBF3098F18A3A9B00009DCFF /* item52.jpg */ = {isa = PBXFileReference; lastKnownFileType = image.jpeg; path = item52.jpg; sourceTree = "<group>"; };
		BBF3099018A3A9B00009DCFF /* item53.jpg */ = {isa = PBXFileReference; lastKnownFileType = image.jpeg; path = item53.jpg; sourceTree = "<group>"; };
		BBF3099118A3A9B00009DCFF /* item54.jpg */ = {isa = PBXFileReference; lastKnownFileType = image.jpeg; path = item54.jpg; sourceTree = "<group>"; };
		BBF3099218A3A9B00009DCFF /* item55.jpg */ = {isa = PBXFileReference; lastKnownFileType = image.jpeg; path = item55.jpg; sourceTree = "<group>"; };
		BBF3099318A3A9B00009DCFF /* item56.jpg */ = {isa = PBXFileReference; lastKnownFileType = image.jpeg; path = item56.jpg; sourceTree = "<group>"; };
		BBF3099418A3A9B00009DCFF /* item57.jpg */ = {isa = PBXFileReference; lastKnownFileType = image.jpeg; path = item57.jpg; sourceTree = "<group>"; };
		BBF3099518A3A9B00009DCFF /* item58.jpg */ = {isa = PBXFileReference; lastKnownFileType = image.jpeg; path = item58.jpg; sourceTree = "<group>"; };
		BBF3099618A3A9B00009DCFF /* item59.jpg */ = {isa = PBXFileReference; lastKnownFileType = image.jpeg; path = item59.jpg; sourceTree = "<group>"; };
		BBF3099718A3A9B00009DCFF /* item60.jpg */ = {isa = PBXFileReference; lastKnownFileType = image.jpeg; path = item60.jpg; sourceTree = "<group>"; };
		BBF3099818A3A9B00009DCFF /* item61.jpg */ = {isa = PBXFileReference; lastKnownFileType = image.jpeg; path = item61.jpg; sourceTree = "<group>"; };
		BBF3099918A3A9B00009DCFF /* item62.jpg */ = {isa = PBXFileReference; lastKnownFileType = image.jpeg; path = item62.jpg; sourceTree = "<group>"; };
		BBF3099A18A3A9B00009DCFF /* item63.jpg */ = {isa = PBXFileReference; lastKnownFileType = image.jpeg; path = item63.jpg; sourceTree = "<group>"; };
		BBF3099B18A3A9B00009DCFF /* item64.jpg */ = {isa = PBXFileReference; lastKnownFileType = image.jpeg; path = item64.jpg; sourceTree = "<group>"; };
		BBF3099C18A3A9B00009DCFF /* item65.jpg */ = {isa = PBXFileReference; lastKnownFileType = image.jpeg; path = item65.jpg; sourceTree = "<group>"; };
		BBF3099D18A3A9B00009DCFF /* item66.jpg */ = {isa = PBXFileReference; lastKnownFileType = image.jpeg; path = item66.jpg; sourceTree = "<group>"; };
		BBF3099E18A3A9B00009DCFF /* item67.jpg */ = {isa = PBXFileReference; lastKnownFileType = image.jpeg; path = item67.jpg; sourceTree = "<group>"; };
		BBF3099F18A3A9B00009DCFF /* item68.jpg */ = {isa = PBXFileReference; lastKnownFileType = image.jpeg; path = item68.jpg; sourceTree = "<group>"; };
		BBF309A018A3A9B00009DCFF /* item69.jpg */ = {isa = PBXFileReference; lastKnownFileType = image.jpeg; path = item69.jpg; sourceTree = "<group>"; };
		BBF309A118A3A9B00009DCFF /* item70.jpg */ = {isa = PBXFileReference; lastKnownFileType = image.jpeg; path = item70.jpg; sourceTree = "<group>"; };
		BBF309A218A3A9B00009DCFF /* item71.jpg */ = {isa = PBXFileReference; lastKnownFileType = image.jpeg; path = item71.jpg; sourceTree = "<group>"; };
		BBF309A318A3A9B00009DCFF /* item72.jpg */ = {isa = PBXFileReference; lastKnownFileType = image.jpeg; path = item72.jpg; sourceTree = "<group>"; };
		BBF309A418A3A9B00009DCFF /* item73.jpg */ = {isa = PBXFileReference; lastKnownFileType = image.jpeg; path = item73.jpg; sourceTree = "<group>"; };
		BBF309A518A3A9B00009DCFF /* item74.jpg */ = {isa = PBXFileReference; lastKnownFileType = image.jpeg; path = item74.jpg; sourceTree = "<group>"; };
		BBF309A618A3A9B00009DCFF /* item75.jpg */ = {isa = PBXFileReference; lastKnownFileType = image.jpeg; path = item75.jpg; sourceTree = "<group>"; };
		BBF309A718A3A9B00009DCFF /* item76.jpg */ = {isa = PBXFileReference; lastKnownFileType = image.jpeg; path = item76.jpg; sourceTree = "<group>"; };
		BBF309A818A3A9B00009DCFF /* item77.jpg */ = {isa = PBXFileReference; lastKnownFileType = image.jpeg; path = item77.jpg; sourceTree = "<group>"; };
		BBF309A918A3A9B00009DCFF /* item78.jpg */ = {isa = PBXFileReference; lastKnownFileType = image.jpeg; path = item78.jpg; sourceTree = "<group>"; };
		BBF309AA18A3A9B00009DCFF /* item79.jpg */ = {isa = PBXFileReference; lastKnownFileType = image.jpeg; path = item79.jpg; sourceTree = "<group>"; };
		BBF309AB18A3A9B00009DCFF /* item80.jpg */ = {isa = PBXFileReference; lastKnownFileType = image.jpeg; path = item80.jpg; sourceTree = "<group>"; };
		BBF309AC18A3A9B00009DCFF /* item81.jpg */ = {isa = PBXFileReference; lastKnownFileType = image.jpeg; path = item81.jpg; sourceTree = "<group>"; };
		BBF309AD18A3A9B00009DCFF /* item82.jpg */ = {isa = PBXFileReference; lastKnownFileType = image.jpeg; path = item82.jpg; sourceTree = "<group>"; };
		BBF309AE18A3A9B00009DCFF /* item83.jpg */ = {isa = PBXFileReference; lastKnownFileType = image.jpeg; path = item83.jpg; sourceTree = "<group>"; };
		BBF309AF18A3A9B00009DCFF /* item84.jpg */ = {isa = PBXFileReference; lastKnownFileType = image.jpeg; path = item84.jpg; sourceTree = "<group>"; };
		BBF309B018A3A9B00009DCFF /* item85.jpg */ = {isa = PBXFileReference; lastKnownFileType = image.jpeg; path = item85.jpg; sourceTree = "<group>"; };
		BBF309B118A3A9B00009DCFF /* item86.jpg */ = {isa = PBXFileReference; lastKnownFileType = image.jpeg; path = item86.jpg; sourceTree = "<group>"; };
		BBF309B218A3A9B00009DCFF /* item87.jpg */ = {isa = PBXFileReference; lastKnownFileType = image.jpeg; path = item87.jpg; sourceTree = "<group>"; };
		BBF309B318A3A9B00009DCFF /* item88.jpg */ = {isa = PBXFileReference; lastKnownFileType = image.jpeg; path = item88.jpg; sourceTree = "<group>"; };
		BBF309B418A3A9B00009DCFF /* item89.jpg */ = {isa = PBXFileReference; lastKnownFileType = image.jpeg; path = item89.jpg; sourceTree = "<group>"; };
		BBF309B518A3A9B00009DCFF /* item90.jpg */ = {isa = PBXFileReference; lastKnownFileType = image.jpeg; path = item90.jpg; sourceTree = "<group>"; };
		BBF309B618A3A9B00009DCFF /* item91.jpg */ = {isa = PBXFileReference; lastKnownFileType = image.jpeg; path = item91.jpg; sourceTree = "<group>"; };
		BBF309B718A3A9B00009DCFF /* item92.jpg */ = {isa = PBXFileReference; lastKnownFileType = image.jpeg; path = item92.jpg; sourceTree = "<group>"; };
		BBF309B818A3A9B00009DCFF /* item93.jpg */ = {isa = PBXFileReference; lastKnownFileType = image.jpeg; path = item93.jpg; sourceTree = "<group>"; };
		BBF309B918A3A9B00009DCFF /* item94.jpg */ = {isa = PBXFileReference; lastKnownFileType = image.jpeg; path = item94.jpg; sourceTree = "<group>"; };
		BBF309BA18A3A9B00009DCFF /* item95.jpg */ = {isa = PBXFileReference; lastKnownFileType = image.jpeg; path = item95.jpg; sourceTree = "<group>"; };
		BBF309BB18A3A9B00009DCFF /* item96.jpg */ = {isa = PBXFileReference; lastKnownFileType = image.jpeg; path = item96.jpg; sourceTree = "<group>"; };
		BBF309BC18A3A9B00009DCFF /* item97.jpg */ = {isa = PBXFileReference; lastKnownFileType = image.jpeg; path = item97.jpg; sourceTree = "<group>"; };
		BBF309BD18A3A9B00009DCFF /* item98.jpg */ = {isa = PBXFileReference; lastKnownFileType = image.jpeg; path = item98.jpg; sourceTree = "<group>"; };
		BBF309BE18A3A9B00009DCFF /* item99.jpg */ = {isa = PBXFileReference; lastKnownFileType = image.jpeg; path = item99.jpg; sourceTree = "<group>"; };
/* End PBXFileReference section */

/* Begin PBXFrameworksBuildPhase section */
		BBF3090F18A3719E0009DCFF /* Frameworks */ = {
			isa = PBXFrameworksBuildPhase;
			buildActionMask = 2147483647;
			files = (
				BBF3091818A3719E0009DCFF /* CoreGraphics.framework in Frameworks */,
				BBF3091A18A3719E0009DCFF /* UIKit.framework in Frameworks */,
				BBF3091C18A3719E0009DCFF /* SpriteKit.framework in Frameworks */,
				BBF3091618A3719E0009DCFF /* Foundation.framework in Frameworks */,
			);
			runOnlyForDeploymentPostprocessing = 0;
		};
		BBF3093A18A3719E0009DCFF /* Frameworks */ = {
			isa = PBXFrameworksBuildPhase;
			buildActionMask = 2147483647;
			files = (
				BBF3093F18A3719E0009DCFF /* XCTest.framework in Frameworks */,
				BBF3094118A3719E0009DCFF /* UIKit.framework in Frameworks */,
				BBF3094018A3719E0009DCFF /* Foundation.framework in Frameworks */,
			);
			runOnlyForDeploymentPostprocessing = 0;
		};
/* End PBXFrameworksBuildPhase section */

/* Begin PBXGroup section */
		BBF3090918A3719E0009DCFF = {
			isa = PBXGroup;
			children = (
				BBF3091D18A3719E0009DCFF /* TheGame */,
				BBF3094418A3719E0009DCFF /* TheGameTests */,
				BBF3091418A3719E0009DCFF /* Frameworks */,
				BBF3091318A3719E0009DCFF /* Products */,
			);
			sourceTree = "<group>";
		};
		BBF3091318A3719E0009DCFF /* Products */ = {
			isa = PBXGroup;
			children = (
				BBF3091218A3719E0009DCFF /* TheGame.app */,
				BBF3093D18A3719E0009DCFF /* TheGameTests.xctest */,
			);
			name = Products;
			sourceTree = "<group>";
		};
		BBF3091418A3719E0009DCFF /* Frameworks */ = {
			isa = PBXGroup;
			children = (
				BBF3091518A3719E0009DCFF /* Foundation.framework */,
				BBF3091718A3719E0009DCFF /* CoreGraphics.framework */,
				BBF3091918A3719E0009DCFF /* UIKit.framework */,
				BBF3091B18A3719E0009DCFF /* SpriteKit.framework */,
				BBF3093E18A3719E0009DCFF /* XCTest.framework */,
			);
			name = Frameworks;
			sourceTree = "<group>";
		};
		BBF3091D18A3719E0009DCFF /* TheGame */ = {
			isa = PBXGroup;
			children = (
				BBF3095B18A3A9B00009DCFF /* item0.jpg */,
				BBF3095C18A3A9B00009DCFF /* item1.jpg */,
				BBF3095D18A3A9B00009DCFF /* item2.jpg */,
				BBF3095E18A3A9B00009DCFF /* item3.jpg */,
				BBF3095F18A3A9B00009DCFF /* item4.jpg */,
				BBF3096018A3A9B00009DCFF /* item5.jpg */,
				BBF3096118A3A9B00009DCFF /* item6.jpg */,
				BBF3096218A3A9B00009DCFF /* item7.jpg */,
				BBF3096318A3A9B00009DCFF /* item8.jpg */,
				BBF3096418A3A9B00009DCFF /* item9.jpg */,
				BBF3096518A3A9B00009DCFF /* item10.jpg */,
				BBF3096618A3A9B00009DCFF /* item11.jpg */,
				BBF3096718A3A9B00009DCFF /* item12.jpg */,
				BBF3096818A3A9B00009DCFF /* item13.jpg */,
				BBF3096918A3A9B00009DCFF /* item14.jpg */,
				BBF3096A18A3A9B00009DCFF /* item15.jpg */,
				BBF3096B18A3A9B00009DCFF /* item16.jpg */,
				BBF3096C18A3A9B00009DCFF /* item17.jpg */,
				BBF3096D18A3A9B00009DCFF /* item18.jpg */,
				BBF3096E18A3A9B00009DCFF /* item19.jpg */,
				BBF3096F18A3A9B00009DCFF /* item20.jpg */,
				BBF3097018A3A9B00009DCFF /* item21.jpg */,
				BBF3097118A3A9B00009DCFF /* item22.jpg */,
				BBF3097218A3A9B00009DCFF /* item23.jpg */,
				BBF3097318A3A9B00009DCFF /* item24.jpg */,
				BBF3097418A3A9B00009DCFF /* item25.jpg */,
				BBF3097518A3A9B00009DCFF /* item26.jpg */,
				BBF3097618A3A9B00009DCFF /* item27.jpg */,
				BBF3097718A3A9B00009DCFF /* item28.jpg */,
				BBF3097818A3A9B00009DCFF /* item29.jpg */,
				BBF3097918A3A9B00009DCFF /* item30.jpg */,
				BBF3097A18A3A9B00009DCFF /* item31.jpg */,
				BBF3097B18A3A9B00009DCFF /* item32.jpg */,
				BBF3097C18A3A9B00009DCFF /* item33.jpg */,
				BBF3097D18A3A9B00009DCFF /* item34.jpg */,
				BBF3097E18A3A9B00009DCFF /* item35.jpg */,
				BBF3097F18A3A9B00009DCFF /* item36.jpg */,
				BBF3098018A3A9B00009DCFF /* item37.jpg */,
				BBF3098118A3A9B00009DCFF /* item38.jpg */,
				BBF3098218A3A9B00009DCFF /* item39.jpg */,
				BBF3098318A3A9B00009DCFF /* item40.jpg */,
				BBF3098418A3A9B00009DCFF /* item41.jpg */,
				BBF3098518A3A9B00009DCFF /* item42.jpg */,
				BBF3098618A3A9B00009DCFF /* item43.jpg */,
				BBF3098718A3A9B00009DCFF /* item44.jpg */,
				BBF3098818A3A9B00009DCFF /* item45.jpg */,
				BBF3098918A3A9B00009DCFF /* item46.jpg */,
				BBF3098A18A3A9B00009DCFF /* item47.jpg */,
				BBF3098B18A3A9B00009DCFF /* item48.jpg */,
				BBF3098C18A3A9B00009DCFF /* item49.jpg */,
				BBF3098D18A3A9B00009DCFF /* item50.jpg */,
				BBF3098E18A3A9B00009DCFF /* item51.jpg */,
				BBF3098F18A3A9B00009DCFF /* item52.jpg */,
				BBF3099018A3A9B00009DCFF /* item53.jpg */,
				BBF3099118A3A9B00009DCFF /* item54.jpg */,
				BBF3099218A3A9B00009DCFF /* item55.jpg */,
				BBF3099318A3A9B00009DCFF /* item56.jpg */,
				BBF3099418A3A9B00009DCFF /* item57.jpg */,
				BBF3099518A3A9B00009DCFF /* item58.jpg */,
				BBF3099618A3A9B00009DCFF /* item59.jpg */,
				BBF3099718A3A9B00009DCFF /* item60.jpg */,
				BBF3099818A3A9B00009DCFF /* item61.jpg */,
				BBF3099918A3A9B00009DCFF /* item62.jpg */,
				BBF3099A18A3A9B00009DCFF /* item63.jpg */,
				BBF3099B18A3A9B00009DCFF /* item64.jpg */,
				BBF3099C18A3A9B00009DCFF /* item65.jpg */,
				BBF3099D18A3A9B00009DCFF /* item66.jpg */,
				BBF3099E18A3A9B00009DCFF /* item67.jpg */,
				BBF3099F18A3A9B00009DCFF /* item68.jpg */,
				BBF309A018A3A9B00009DCFF /* item69.jpg */,
				BBF309A118A3A9B00009DCFF /* item70.jpg */,
				BBF309A218A3A9B00009DCFF /* item71.jpg */,
				BBF309A318A3A9B00009DCFF /* item72.jpg */,
				BBF309A418A3A9B00009DCFF /* item73.jpg */,
				BBF309A518A3A9B00009DCFF /* item74.jpg */,
				BBF309A618A3A9B00009DCFF /* item75.jpg */,
				BBF309A718A3A9B00009DCFF /* item76.jpg */,
				BBF309A818A3A9B00009DCFF /* item77.jpg */,
				BBF309A918A3A9B00009DCFF /* item78.jpg */,
				BBF309AA18A3A9B00009DCFF /* item79.jpg */,
				BBF309AB18A3A9B00009DCFF /* item80.jpg */,
				BBF309AC18A3A9B00009DCFF /* item81.jpg */,
				BBF309AD18A3A9B00009DCFF /* item82.jpg */,
				BBF309AE18A3A9B00009DCFF /* item83.jpg */,
				BBF309AF18A3A9B00009DCFF /* item84.jpg */,
				BBF309B018A3A9B00009DCFF /* item85.jpg */,
				BBF309B118A3A9B00009DCFF /* item86.jpg */,
				BBF309B218A3A9B00009DCFF /* item87.jpg */,
				BBF309B318A3A9B00009DCFF /* item88.jpg */,
				BBF309B418A3A9B00009DCFF /* item89.jpg */,
				BBF309B518A3A9B00009DCFF /* item90.jpg */,
				BBF309B618A3A9B00009DCFF /* item91.jpg */,
				BBF309B718A3A9B00009DCFF /* item92.jpg */,
				BBF309B818A3A9B00009DCFF /* item93.jpg */,
				BBF309B918A3A9B00009DCFF /* item94.jpg */,
				BBF309BA18A3A9B00009DCFF /* item95.jpg */,
				BBF309BB18A3A9B00009DCFF /* item96.jpg */,
				BBF309BC18A3A9B00009DCFF /* item97.jpg */,
				BBF309BD18A3A9B00009DCFF /* item98.jpg */,
				BBF309BE18A3A9B00009DCFF /* item99.jpg */,
				BBF3095918A3A9940009DCFF /* productImages.xcassets */,
				BBF3092618A3719E0009DCFF /* AppDelegate.h */,
				BBF3092718A3719E0009DCFF /* AppDelegate.m */,
				BBF3092918A3719E0009DCFF /* Main_iPhone.storyboard */,
				BBF3092C18A3719E0009DCFF /* Main_iPad.storyboard */,
				BBF3092F18A3719E0009DCFF /* ViewController.h */,
				BBF3093018A3719E0009DCFF /* ViewController.m */,
				BBF3093218A3719E0009DCFF /* MyScene.h */,
				BBF3093318A3719E0009DCFF /* MyScene.m */,
				BBF3093518A3719E0009DCFF /* Spaceship.png */,
				BBF3093718A3719E0009DCFF /* Images.xcassets */,
				BBF3091E18A3719E0009DCFF /* Supporting Files */,
				BBF3095418A371F60009DCFF /* Product.h */,
				BBF3095518A371F60009DCFF /* Product.m */,
			);
			path = TheGame;
			sourceTree = "<group>";
		};
		BBF3091E18A3719E0009DCFF /* Supporting Files */ = {
			isa = PBXGroup;
			children = (
				BBF3091F18A3719E0009DCFF /* TheGame-Info.plist */,
				BBF3092018A3719E0009DCFF /* InfoPlist.strings */,
				BBF3092318A3719E0009DCFF /* main.m */,
				BBF3092518A3719E0009DCFF /* TheGame-Prefix.pch */,
			);
			name = "Supporting Files";
			sourceTree = "<group>";
		};
		BBF3094418A3719E0009DCFF /* TheGameTests */ = {
			isa = PBXGroup;
			children = (
				BBF3094A18A3719E0009DCFF /* TheGameTests.m */,
				BBF3094518A3719E0009DCFF /* Supporting Files */,
			);
			path = TheGameTests;
			sourceTree = "<group>";
		};
		BBF3094518A3719E0009DCFF /* Supporting Files */ = {
			isa = PBXGroup;
			children = (
				BBF3094618A3719E0009DCFF /* TheGameTests-Info.plist */,
				BBF3094718A3719E0009DCFF /* InfoPlist.strings */,
			);
			name = "Supporting Files";
			sourceTree = "<group>";
		};
/* End PBXGroup section */

/* Begin PBXNativeTarget section */
		BBF3091118A3719E0009DCFF /* TheGame */ = {
			isa = PBXNativeTarget;
			buildConfigurationList = BBF3094E18A3719E0009DCFF /* Build configuration list for PBXNativeTarget "TheGame" */;
			buildPhases = (
				BBF3090E18A3719E0009DCFF /* Sources */,
				BBF3090F18A3719E0009DCFF /* Frameworks */,
				BBF3091018A3719E0009DCFF /* Resources */,
			);
			buildRules = (
			);
			dependencies = (
			);
			name = TheGame;
			productName = TheGame;
			productReference = BBF3091218A3719E0009DCFF /* TheGame.app */;
			productType = "com.apple.product-type.application";
		};
		BBF3093C18A3719E0009DCFF /* TheGameTests */ = {
			isa = PBXNativeTarget;
			buildConfigurationList = BBF3095118A3719E0009DCFF /* Build configuration list for PBXNativeTarget "TheGameTests" */;
			buildPhases = (
				BBF3093918A3719E0009DCFF /* Sources */,
				BBF3093A18A3719E0009DCFF /* Frameworks */,
				BBF3093B18A3719E0009DCFF /* Resources */,
			);
			buildRules = (
			);
			dependencies = (
				BBF3094318A3719E0009DCFF /* PBXTargetDependency */,
			);
			name = TheGameTests;
			productName = TheGameTests;
			productReference = BBF3093D18A3719E0009DCFF /* TheGameTests.xctest */;
			productType = "com.apple.product-type.bundle.unit-test";
		};
/* End PBXNativeTarget section */

/* Begin PBXProject section */
		BBF3090A18A3719E0009DCFF /* Project object */ = {
			isa = PBXProject;
			attributes = {
				LastUpgradeCheck = 0500;
				ORGANIZATIONNAME = "Nanyi Jiang";
				TargetAttributes = {
					BBF3093C18A3719E0009DCFF = {
						TestTargetID = BBF3091118A3719E0009DCFF;
					};
				};
			};
			buildConfigurationList = BBF3090D18A3719E0009DCFF /* Build configuration list for PBXProject "TheGame" */;
			compatibilityVersion = "Xcode 3.2";
			developmentRegion = English;
			hasScannedForEncodings = 0;
			knownRegions = (
				en,
				Base,
			);
			mainGroup = BBF3090918A3719E0009DCFF;
			productRefGroup = BBF3091318A3719E0009DCFF /* Products */;
			projectDirPath = "";
			projectRoot = "";
			targets = (
				BBF3091118A3719E0009DCFF /* TheGame */,
				BBF3093C18A3719E0009DCFF /* TheGameTests */,
			);
		};
/* End PBXProject section */

/* Begin PBXResourcesBuildPhase section */
		BBF3091018A3719E0009DCFF /* Resources */ = {
			isa = PBXResourcesBuildPhase;
			buildActionMask = 2147483647;
			files = (
				BBF309C818A3A9B00009DCFF /* item9.jpg in Resources */,
				BBF30A0918A3A9B00009DCFF /* item74.jpg in Resources */,
				BBF30A1718A3A9B00009DCFF /* item88.jpg in Resources */,
				BBF309C618A3A9B00009DCFF /* item7.jpg in Resources */,
				BBF30A0818A3A9B00009DCFF /* item73.jpg in Resources */,
				BBF309E518A3A9B00009DCFF /* item38.jpg in Resources */,
				BBF309FC18A3A9B00009DCFF /* item61.jpg in Resources */,
				BBF309DE18A3A9B00009DCFF /* item31.jpg in Resources */,
				BBF30A1118A3A9B00009DCFF /* item82.jpg in Resources */,
				BBF309CB18A3A9B00009DCFF /* item12.jpg in Resources */,
				BBF30A2218A3A9B00009DCFF /* item99.jpg in Resources */,
				BBF309D918A3A9B00009DCFF /* item26.jpg in Resources */,
				BBF309F718A3A9B00009DCFF /* item56.jpg in Resources */,
				BBF309FB18A3A9B00009DCFF /* item60.jpg in Resources */,
				BBF309F218A3A9B00009DCFF /* item51.jpg in Resources */,
				BBF309C018A3A9B00009DCFF /* item1.jpg in Resources */,
				BBF309BF18A3A9B00009DCFF /* item0.jpg in Resources */,
				BBF309E718A3A9B00009DCFF /* item40.jpg in Resources */,
				BBF309E618A3A9B00009DCFF /* item39.jpg in Resources */,
				BBF30A0118A3A9B00009DCFF /* item66.jpg in Resources */,
				BBF309C518A3A9B00009DCFF /* item6.jpg in Resources */,
				BBF30A0F18A3A9B00009DCFF /* item80.jpg in Resources */,
				BBF30A1F18A3A9B00009DCFF /* item96.jpg in Resources */,
				BBF309F418A3A9B00009DCFF /* item53.jpg in Resources */,
				BBF30A0318A3A9B00009DCFF /* item68.jpg in Resources */,
				BBF309D218A3A9B00009DCFF /* item19.jpg in Resources */,
				BBF309CE18A3A9B00009DCFF /* item15.jpg in Resources */,
				BBF309E818A3A9B00009DCFF /* item41.jpg in Resources */,
				BBF3093618A3719E0009DCFF /* Spaceship.png in Resources */,
				BBF309D318A3A9B00009DCFF /* item20.jpg in Resources */,
				BBF309CD18A3A9B00009DCFF /* item14.jpg in Resources */,
				BBF309F818A3A9B00009DCFF /* item57.jpg in Resources */,
				BBF309EA18A3A9B00009DCFF /* item43.jpg in Resources */,
				BBF30A2018A3A9B00009DCFF /* item97.jpg in Resources */,
				BBF309DB18A3A9B00009DCFF /* item28.jpg in Resources */,
				BBF3095A18A3A9940009DCFF /* productImages.xcassets in Resources */,
				BBF30A0A18A3A9B00009DCFF /* item75.jpg in Resources */,
				BBF309DA18A3A9B00009DCFF /* item27.jpg in Resources */,
				BBF309F318A3A9B00009DCFF /* item52.jpg in Resources */,
				BBF30A0218A3A9B00009DCFF /* item67.jpg in Resources */,
				BBF309F118A3A9B00009DCFF /* item50.jpg in Resources */,
				BBF30A1E18A3A9B00009DCFF /* item95.jpg in Resources */,
				BBF309C918A3A9B00009DCFF /* item10.jpg in Resources */,
				BBF309C218A3A9B00009DCFF /* item3.jpg in Resources */,
				BBF309E318A3A9B00009DCFF /* item36.jpg in Resources */,
				BBF309C318A3A9B00009DCFF /* item4.jpg in Resources */,
				BBF309EB18A3A9B00009DCFF /* item44.jpg in Resources */,
				BBF309F918A3A9B00009DCFF /* item58.jpg in Resources */,
				BBF30A2118A3A9B00009DCFF /* item98.jpg in Resources */,
				BBF30A0018A3A9B00009DCFF /* item65.jpg in Resources */,
				BBF309D818A3A9B00009DCFF /* item25.jpg in Resources */,
				BBF3093818A3719E0009DCFF /* Images.xcassets in Resources */,
				BBF309E418A3A9B00009DCFF /* item37.jpg in Resources */,
				BBF30A1D18A3A9B00009DCFF /* item94.jpg in Resources */,
				BBF309F018A3A9B00009DCFF /* item49.jpg in Resources */,
				BBF309F518A3A9B00009DCFF /* item54.jpg in Resources */,
				BBF309DD18A3A9B00009DCFF /* item30.jpg in Resources */,
				BBF309E018A3A9B00009DCFF /* item33.jpg in Resources */,
				BBF309FF18A3A9B00009DCFF /* item64.jpg in Resources */,
				BBF309CC18A3A9B00009DCFF /* item13.jpg in Resources */,
				BBF309D718A3A9B00009DCFF /* item24.jpg in Resources */,
				BBF3092E18A3719E0009DCFF /* Main_iPad.storyboard in Resources */,
				BBF309D018A3A9B00009DCFF /* item17.jpg in Resources */,
				BBF30A1818A3A9B00009DCFF /* item89.jpg in Resources */,
				BBF309D418A3A9B00009DCFF /* item21.jpg in Resources */,
				BBF30A1B18A3A9B00009DCFF /* item92.jpg in Resources */,
				BBF30A1418A3A9B00009DCFF /* item85.jpg in Resources */,
				BBF30A1218A3A9B00009DCFF /* item83.jpg in Resources */,
				BBF309ED18A3A9B00009DCFF /* item46.jpg in Resources */,
				BBF309D118A3A9B00009DCFF /* item18.jpg in Resources */,
				BBF309CF18A3A9B00009DCFF /* item16.jpg in Resources */,
				BBF30A0C18A3A9B00009DCFF /* item77.jpg in Resources */,
				BBF309E918A3A9B00009DCFF /* item42.jpg in Resources */,
				BBF309E118A3A9B00009DCFF /* item34.jpg in Resources */,
				BBF309DC18A3A9B00009DCFF /* item29.jpg in Resources */,
				BBF30A1A18A3A9B00009DCFF /* item91.jpg in Resources */,
				BBF30A0618A3A9B00009DCFF /* item71.jpg in Resources */,
				BBF309C418A3A9B00009DCFF /* item5.jpg in Resources */,
				BBF30A0418A3A9B00009DCFF /* item69.jpg in Resources */,
				BBF309D518A3A9B00009DCFF /* item22.jpg in Resources */,
				BBF309DF18A3A9B00009DCFF /* item32.jpg in Resources */,
				BBF3092B18A3719E0009DCFF /* Main_iPhone.storyboard in Resources */,
				BBF30A1918A3A9B00009DCFF /* item90.jpg in Resources */,
				BBF30A0E18A3A9B00009DCFF /* item79.jpg in Resources */,
				BBF309F618A3A9B00009DCFF /* item55.jpg in Resources */,
				BBF309EC18A3A9B00009DCFF /* item45.jpg in Resources */,
				BBF30A0718A3A9B00009DCFF /* item72.jpg in Resources */,
				BBF30A1018A3A9B00009DCFF /* item81.jpg in Resources */,
				BBF30A1618A3A9B00009DCFF /* item87.jpg in Resources */,
				BBF30A0518A3A9B00009DCFF /* item70.jpg in Resources */,
				BBF3092218A3719E0009DCFF /* InfoPlist.strings in Resources */,
				BBF309C118A3A9B00009DCFF /* item2.jpg in Resources */,
				BBF309EE18A3A9B00009DCFF /* item47.jpg in Resources */,
				BBF30A0B18A3A9B00009DCFF /* item76.jpg in Resources */,
				BBF309FA18A3A9B00009DCFF /* item59.jpg in Resources */,
				BBF30A0D18A3A9B00009DCFF /* item78.jpg in Resources */,
				BBF309E218A3A9B00009DCFF /* item35.jpg in Resources */,
				BBF30A1318A3A9B00009DCFF /* item84.jpg in Resources */,
				BBF30A1C18A3A9B00009DCFF /* item93.jpg in Resources */,
				BBF309D618A3A9B00009DCFF /* item23.jpg in Resources */,
				BBF30A1518A3A9B00009DCFF /* item86.jpg in Resources */,
				BBF309FD18A3A9B00009DCFF /* item62.jpg in Resources */,
				BBF309EF18A3A9B00009DCFF /* item48.jpg in Resources */,
				BBF309FE18A3A9B00009DCFF /* item63.jpg in Resources */,
				BBF309CA18A3A9B00009DCFF /* item11.jpg in Resources */,
				BBF309C718A3A9B00009DCFF /* item8.jpg in Resources */,
			);
			runOnlyForDeploymentPostprocessing = 0;
		};
		BBF3093B18A3719E0009DCFF /* Resources */ = {
			isa = PBXResourcesBuildPhase;
			buildActionMask = 2147483647;
			files = (
				BBF3094918A3719E0009DCFF /* InfoPlist.strings in Resources */,
			);
			runOnlyForDeploymentPostprocessing = 0;
		};
/* End PBXResourcesBuildPhase section */

/* Begin PBXSourcesBuildPhase section */
		BBF3090E18A3719E0009DCFF /* Sources */ = {
			isa = PBXSourcesBuildPhase;
			buildActionMask = 2147483647;
			files = (
				BBF3093418A3719E0009DCFF /* MyScene.m in Sources */,
				BBF3095618A371F60009DCFF /* Product.m in Sources */,
				BBF3093118A3719E0009DCFF /* ViewController.m in Sources */,
				BBF3092818A3719E0009DCFF /* AppDelegate.m in Sources */,
				BBF3092418A3719E0009DCFF /* main.m in Sources */,
			);
			runOnlyForDeploymentPostprocessing = 0;
		};
		BBF3093918A3719E0009DCFF /* Sources */ = {
			isa = PBXSourcesBuildPhase;
			buildActionMask = 2147483647;
			files = (
				BBF3094B18A3719E0009DCFF /* TheGameTests.m in Sources */,
			);
			runOnlyForDeploymentPostprocessing = 0;
		};
/* End PBXSourcesBuildPhase section */

/* Begin PBXTargetDependency section */
		BBF3094318A3719E0009DCFF /* PBXTargetDependency */ = {
			isa = PBXTargetDependency;
			target = BBF3091118A3719E0009DCFF /* TheGame */;
			targetProxy = BBF3094218A3719E0009DCFF /* PBXContainerItemProxy */;
		};
/* End PBXTargetDependency section */

/* Begin PBXVariantGroup section */
		BBF3092018A3719E0009DCFF /* InfoPlist.strings */ = {
			isa = PBXVariantGroup;
			children = (
				BBF3092118A3719E0009DCFF /* en */,
			);
			name = InfoPlist.strings;
			sourceTree = "<group>";
		};
		BBF3092918A3719E0009DCFF /* Main_iPhone.storyboard */ = {
			isa = PBXVariantGroup;
			children = (
				BBF3092A18A3719E0009DCFF /* Base */,
			);
			name = Main_iPhone.storyboard;
			sourceTree = "<group>";
		};
		BBF3092C18A3719E0009DCFF /* Main_iPad.storyboard */ = {
			isa = PBXVariantGroup;
			children = (
				BBF3092D18A3719E0009DCFF /* Base */,
			);
			name = Main_iPad.storyboard;
			sourceTree = "<group>";
		};
		BBF3094718A3719E0009DCFF /* InfoPlist.strings */ = {
			isa = PBXVariantGroup;
			children = (
				BBF3094818A3719E0009DCFF /* en */,
			);
			name = InfoPlist.strings;
			sourceTree = "<group>";
		};
/* End PBXVariantGroup section */

/* Begin XCBuildConfiguration section */
		BBF3094C18A3719E0009DCFF /* Debug */ = {
			isa = XCBuildConfiguration;
			buildSettings = {
				ALWAYS_SEARCH_USER_PATHS = NO;
				ARCHS = "$(ARCHS_STANDARD_INCLUDING_64_BIT)";
				CLANG_CXX_LANGUAGE_STANDARD = "gnu++0x";
				CLANG_CXX_LIBRARY = "libc++";
				CLANG_ENABLE_MODULES = YES;
				CLANG_ENABLE_OBJC_ARC = YES;
				CLANG_WARN_BOOL_CONVERSION = YES;
				CLANG_WARN_CONSTANT_CONVERSION = YES;
				CLANG_WARN_DIRECT_OBJC_ISA_USAGE = YES_ERROR;
				CLANG_WARN_EMPTY_BODY = YES;
				CLANG_WARN_ENUM_CONVERSION = YES;
				CLANG_WARN_INT_CONVERSION = YES;
				CLANG_WARN_OBJC_ROOT_CLASS = YES_ERROR;
				CLANG_WARN__DUPLICATE_METHOD_MATCH = YES;
				"CODE_SIGN_IDENTITY[sdk=iphoneos*]" = "iPhone Developer";
				COPY_PHASE_STRIP = NO;
				GCC_C_LANGUAGE_STANDARD = gnu99;
				GCC_DYNAMIC_NO_PIC = NO;
				GCC_OPTIMIZATION_LEVEL = 0;
				GCC_PREPROCESSOR_DEFINITIONS = (
					"DEBUG=1",
					"$(inherited)",
				);
				GCC_SYMBOLS_PRIVATE_EXTERN = NO;
				GCC_WARN_64_TO_32_BIT_CONVERSION = YES;
				GCC_WARN_ABOUT_RETURN_TYPE = YES_ERROR;
				GCC_WARN_UNDECLARED_SELECTOR = YES;
				GCC_WARN_UNINITIALIZED_AUTOS = YES;
				GCC_WARN_UNUSED_FUNCTION = YES;
				GCC_WARN_UNUSED_VARIABLE = YES;
				IPHONEOS_DEPLOYMENT_TARGET = 7.0;
				ONLY_ACTIVE_ARCH = YES;
				SDKROOT = iphoneos;
				TARGETED_DEVICE_FAMILY = "1,2";
			};
			name = Debug;
		};
		BBF3094D18A3719E0009DCFF /* Release */ = {
			isa = XCBuildConfiguration;
			buildSettings = {
				ALWAYS_SEARCH_USER_PATHS = NO;
				ARCHS = "$(ARCHS_STANDARD_INCLUDING_64_BIT)";
				CLANG_CXX_LANGUAGE_STANDARD = "gnu++0x";
				CLANG_CXX_LIBRARY = "libc++";
				CLANG_ENABLE_MODULES = YES;
				CLANG_ENABLE_OBJC_ARC = YES;
				CLANG_WARN_BOOL_CONVERSION = YES;
				CLANG_WARN_CONSTANT_CONVERSION = YES;
				CLANG_WARN_DIRECT_OBJC_ISA_USAGE = YES_ERROR;
				CLANG_WARN_EMPTY_BODY = YES;
				CLANG_WARN_ENUM_CONVERSION = YES;
				CLANG_WARN_INT_CONVERSION = YES;
				CLANG_WARN_OBJC_ROOT_CLASS = YES_ERROR;
				CLANG_WARN__DUPLICATE_METHOD_MATCH = YES;
				"CODE_SIGN_IDENTITY[sdk=iphoneos*]" = "iPhone Developer";
				COPY_PHASE_STRIP = YES;
				ENABLE_NS_ASSERTIONS = NO;
				GCC_C_LANGUAGE_STANDARD = gnu99;
				GCC_WARN_64_TO_32_BIT_CONVERSION = YES;
				GCC_WARN_ABOUT_RETURN_TYPE = YES_ERROR;
				GCC_WARN_UNDECLARED_SELECTOR = YES;
				GCC_WARN_UNINITIALIZED_AUTOS = YES;
				GCC_WARN_UNUSED_FUNCTION = YES;
				GCC_WARN_UNUSED_VARIABLE = YES;
				IPHONEOS_DEPLOYMENT_TARGET = 7.0;
				SDKROOT = iphoneos;
				TARGETED_DEVICE_FAMILY = "1,2";
				VALIDATE_PRODUCT = YES;
			};
			name = Release;
		};
		BBF3094F18A3719E0009DCFF /* Debug */ = {
			isa = XCBuildConfiguration;
			buildSettings = {
				ASSETCATALOG_COMPILER_APPICON_NAME = AppIcon;
				ASSETCATALOG_COMPILER_LAUNCHIMAGE_NAME = LaunchImage;
				GCC_PRECOMPILE_PREFIX_HEADER = YES;
				GCC_PREFIX_HEADER = "TheGame/TheGame-Prefix.pch";
				INFOPLIST_FILE = "TheGame/TheGame-Info.plist";
				PRODUCT_NAME = "$(TARGET_NAME)";
				SPRITEKIT_TEXTURE_ATLAS_OUTPUT = YES;
				WRAPPER_EXTENSION = app;
			};
			name = Debug;
		};
		BBF3095018A3719E0009DCFF /* Release */ = {
			isa = XCBuildConfiguration;
			buildSettings = {
				ASSETCATALOG_COMPILER_APPICON_NAME = AppIcon;
				ASSETCATALOG_COMPILER_LAUNCHIMAGE_NAME = LaunchImage;
				GCC_PRECOMPILE_PREFIX_HEADER = YES;
				GCC_PREFIX_HEADER = "TheGame/TheGame-Prefix.pch";
				INFOPLIST_FILE = "TheGame/TheGame-Info.plist";
				PRODUCT_NAME = "$(TARGET_NAME)";
				SPRITEKIT_TEXTURE_ATLAS_OUTPUT = YES;
				WRAPPER_EXTENSION = app;
			};
			name = Release;
		};
		BBF3095218A3719E0009DCFF /* Debug */ = {
			isa = XCBuildConfiguration;
			buildSettings = {
				ARCHS = "$(ARCHS_STANDARD_INCLUDING_64_BIT)";
				BUNDLE_LOADER = "$(BUILT_PRODUCTS_DIR)/TheGame.app/TheGame";
				FRAMEWORK_SEARCH_PATHS = (
					"$(SDKROOT)/Developer/Library/Frameworks",
					"$(inherited)",
					"$(DEVELOPER_FRAMEWORKS_DIR)",
				);
				GCC_PRECOMPILE_PREFIX_HEADER = YES;
				GCC_PREFIX_HEADER = "TheGame/TheGame-Prefix.pch";
				GCC_PREPROCESSOR_DEFINITIONS = (
					"DEBUG=1",
					"$(inherited)",
				);
				INFOPLIST_FILE = "TheGameTests/TheGameTests-Info.plist";
				PRODUCT_NAME = "$(TARGET_NAME)";
				TEST_HOST = "$(BUNDLE_LOADER)";
				WRAPPER_EXTENSION = xctest;
			};
			name = Debug;
		};
		BBF3095318A3719E0009DCFF /* Release */ = {
			isa = XCBuildConfiguration;
			buildSettings = {
				ARCHS = "$(ARCHS_STANDARD_INCLUDING_64_BIT)";
				BUNDLE_LOADER = "$(BUILT_PRODUCTS_DIR)/TheGame.app/TheGame";
				FRAMEWORK_SEARCH_PATHS = (
					"$(SDKROOT)/Developer/Library/Frameworks",
					"$(inherited)",
					"$(DEVELOPER_FRAMEWORKS_DIR)",
				);
				GCC_PRECOMPILE_PREFIX_HEADER = YES;
				GCC_PREFIX_HEADER = "TheGame/TheGame-Prefix.pch";
				INFOPLIST_FILE = "TheGameTests/TheGameTests-Info.plist";
				PRODUCT_NAME = "$(TARGET_NAME)";
				TEST_HOST = "$(BUNDLE_LOADER)";
				WRAPPER_EXTENSION = xctest;
			};
			name = Release;
		};
/* End XCBuildConfiguration section */

/* Begin XCConfigurationList section */
		BBF3090D18A3719E0009DCFF /* Build configuration list for PBXProject "TheGame" */ = {
			isa = XCConfigurationList;
			buildConfigurations = (
				BBF3094C18A3719E0009DCFF /* Debug */,
				BBF3094D18A3719E0009DCFF /* Release */,
			);
			defaultConfigurationIsVisible = 0;
			defaultConfigurationName = Release;
		};
		BBF3094E18A3719E0009DCFF /* Build configuration list for PBXNativeTarget "TheGame" */ = {
			isa = XCConfigurationList;
			buildConfigurations = (
				BBF3094F18A3719E0009DCFF /* Debug */,
				BBF3095018A3719E0009DCFF /* Release */,
			);
			defaultConfigurationIsVisible = 0;
		};
		BBF3095118A3719E0009DCFF /* Build configuration list for PBXNativeTarget "TheGameTests" */ = {
			isa = XCConfigurationList;
			buildConfigurations = (
				BBF3095218A3719E0009DCFF /* Debug */,
				BBF3095318A3719E0009DCFF /* Release */,
			);
			defaultConfigurationIsVisible = 0;
		};
/* End XCConfigurationList section */
	};
	rootObject = BBF3090A18A3719E0009DCFF /* Project object */;
}
